
Microsoft Visual Studio Solution File, Format Version 12.00
# Visual Studio Version 16
VisualStudioVersion = 16.0.31005.135
MinimumVisualStudioVersion = 10.0.40219.1
Project("{FAE04EC0-301F-11D3-BF4B-00C04F79EFBC}") = "AppXamarin.Android", "AppXamarin\AppXamarin.Android\AppXamarin.Android.csproj", "{305801D2-AB2A-4038-9C2A-7D09CF41F602}"
EndProject
Project("{FAE04EC0-301F-11D3-BF4B-00C04F79EFBC}") = "AppXamarin", "AppXamarin\AppXamarin\AppXamarin.csproj", "{AA2F7615-DFC1-4B16-AAEC-B2B886948405}"
EndProject
Global
	GlobalSection(SolutionConfigurationPlatforms) = preSolution
		Debug|Any CPU = Debug|Any CPU
		Release|Any CPU = Release|Any CPU
	EndGlobalSection
	GlobalSection(ProjectConfigurationPlatforms) = postSolution
		{305801D2-AB2A-4038-9C2A-7D09CF41F602}.Debug|Any CPU.ActiveCfg = Debug|Any CPU
		{305801D2-AB2A-4038-9C2A-7D09CF41F602}.Debug|Any CPU.Build.0 = Debug|Any CPU
		{305801D2-AB2A-4038-9C2A-7D09CF41F602}.Debug|Any CPU.Deploy.0 = Debug|Any CPU
		{305801D2-AB2A-4038-9C2A-7D09CF41F602}.Release|Any CPU.ActiveCfg = Release|Any CPU
		{305801D2-AB2A-4038-9C2A-7D09CF41F602}.Release|Any CPU.Build.0 = Release|Any CPU
		{305801D2-AB2A-4038-9C2A-7D09CF41F602}.Release|Any CPU.Deploy.0 = Release|Any CPU
		{AA2F7615-DFC1-4B16-AAEC-B2B886948405}.Debug|Any CPU.ActiveCfg = Debug|Any CPU
		{AA2F7615-DFC1-4B16-AAEC-B2B886948405}.Debug|Any CPU.Build.0 = Debug|Any CPU
		{AA2F7615-DFC1-4B16-AAEC-B2B886948405}.Debug|Any CPU.Deploy.0 = Debug|Any CPU
		{AA2F7615-DFC1-4B16-AAEC-B2B886948405}.Release|Any CPU.ActiveCfg = Release|Any CPU
		{AA2F7615-DFC1-4B16-AAEC-B2B886948405}.Release|Any CPU.Build.0 = Release|Any CPU
		{AA2F7615-DFC1-4B16-AAEC-B2B886948405}.Release|Any CPU.Deploy.0 = Release|Any CPU
	EndGlobalSection
	GlobalSection(SolutionProperties) = preSolution
		HideSolutionNode = FALSE
	EndGlobalSection
	GlobalSection(ExtensibilityGlobals) = postSolution
		SolutionGuid = {CC011168-28F1-41FD-949D-D1084B225C06}
	EndGlobalSection
EndGlobal
